// !$*UTF8*$!
{
	archiveVersion = 1;
	classes = {
	};
	objectVersion = 50;
	objects = {

/* Begin PBXBuildFile section */
		DB5DF50E2600F2680091CCA8 /* AppDelegate.swift in Sources */ = {isa = PBXBuildFile; fileRef = DB5DF50D2600F2680091CCA8 /* AppDelegate.swift */; };
		DB5DF5102600F2680091CCA8 /* SceneDelegate.swift in Sources */ = {isa = PBXBuildFile; fileRef = DB5DF50F2600F2680091CCA8 /* SceneDelegate.swift */; };
		DB5DF5122600F2680091CCA8 /* ViewController.swift in Sources */ = {isa = PBXBuildFile; fileRef = DB5DF5112600F2680091CCA8 /* ViewController.swift */; };
		DB5DF5152600F2680091CCA8 /* Main.storyboard in Resources */ = {isa = PBXBuildFile; fileRef = DB5DF5132600F2680091CCA8 /* Main.storyboard */; };
		DB5DF5172600F2690091CCA8 /* Assets.xcassets in Resources */ = {isa = PBXBuildFile; fileRef = DB5DF5162600F2690091CCA8 /* Assets.xcassets */; };
		DB5DF51A2600F2690091CCA8 /* LaunchScreen.storyboard in Resources */ = {isa = PBXBuildFile; fileRef = DB5DF5182600F2690091CCA8 /* LaunchScreen.storyboard */; };
		DBC12E1F2605265000F1C8EA /* CricBuzzViewController.swift in Sources */ = {isa = PBXBuildFile; fileRef = DBC12E1E2605265000F1C8EA /* CricBuzzViewController.swift */; };
/* End PBXBuildFile section */

/* Begin PBXFileReference section */
		DB5DF50A2600F2680091CCA8 /* Dynamic TIL.app */ = {isa = PBXFileReference; explicitFileType = wrapper.application; includeInIndex = 0; path = "Dynamic TIL.app"; sourceTree = BUILT_PRODUCTS_DIR; };
		DB5DF50D2600F2680091CCA8 /* AppDelegate.swift */ = {isa = PBXFileReference; lastKnownFileType = sourcecode.swift; path = AppDelegate.swift; sourceTree = "<group>"; };
		DB5DF50F2600F2680091CCA8 /* SceneDelegate.swift */ = {isa = PBXFileReference; lastKnownFileType = sourcecode.swift; path = SceneDelegate.swift; sourceTree = "<group>"; };
		DB5DF5112600F2680091CCA8 /* ViewController.swift */ = {isa = PBXFileReference; lastKnownFileType = sourcecode.swift; path = ViewController.swift; sourceTree = "<group>"; };
		DB5DF5142600F2680091CCA8 /* Base */ = {isa = PBXFileReference; lastKnownFileType = file.storyboard; name = Base; path = Base.lproj/Main.storyboard; sourceTree = "<group>"; };
		DB5DF5162600F2690091CCA8 /* Assets.xcassets */ = {isa = PBXFileReference; lastKnownFileType = folder.assetcatalog; path = Assets.xcassets; sourceTree = "<group>"; };
		DB5DF5192600F2690091CCA8 /* Base */ = {isa = PBXFileReference; lastKnownFileType = file.storyboard; name = Base; path = Base.lproj/LaunchScreen.storyboard; sourceTree = "<group>"; };
		DB5DF51B2600F2690091CCA8 /* Info.plist */ = {isa = PBXFileReference; lastKnownFileType = text.plist.xml; path = Info.plist; sourceTree = "<group>"; };
		DBC12E1E2605265000F1C8EA /* CricBuzzViewController.swift */ = {isa = PBXFileReference; lastKnownFileType = sourcecode.swift; path = CricBuzzViewController.swift; sourceTree = "<group>"; };
/* End PBXFileReference section */

/* Begin PBXFrameworksBuildPhase section */
		DB5DF5072600F2680091CCA8 /* Frameworks */ = {
			isa = PBXFrameworksBuildPhase;
			buildActionMask = 2147483647;
			files = (
			);
			runOnlyForDeploymentPostprocessing = 0;
		};
/* End PBXFrameworksBuildPhase section */

/* Begin PBXGroup section */
		DB5DF5012600F2680091CCA8 = {
			isa = PBXGroup;
			children = (
				DB5DF50C2600F2680091CCA8 /* Dynamic TIL */,
				DB5DF50B2600F2680091CCA8 /* Products */,
			);
			sourceTree = "<group>";
		};
		DB5DF50B2600F2680091CCA8 /* Products */ = {
			isa = PBXGroup;
			children = (
				DB5DF50A2600F2680091CCA8 /* Dynamic TIL.app */,
			);
			name = Products;
			sourceTree = "<group>";
		};
		DB5DF50C2600F2680091CCA8 /* Dynamic TIL */ = {
			isa = PBXGroup;
			children = (
				DB5DF50D2600F2680091CCA8 /* AppDelegate.swift */,
				DB5DF50F2600F2680091CCA8 /* SceneDelegate.swift */,
				DB5DF5112600F2680091CCA8 /* ViewController.swift */,
				DB5DF5132600F2680091CCA8 /* Main.storyboard */,
				DBC12E1E2605265000F1C8EA /* CricBuzzViewController.swift */,
				DB5DF5162600F2690091CCA8 /* Assets.xcassets */,
				DB5DF5182600F2690091CCA8 /* LaunchScreen.storyboard */,
				DB5DF51B2600F2690091CCA8 /* Info.plist */,
			);
			path = "Dynamic TIL";
			sourceTree = "<group>";
		};
/* End PBXGroup section */

/* Begin PBXNativeTarget section */
		DB5DF5092600F2680091CCA8 /* Dynamic TIL */ = {
			isa = PBXNativeTarget;
			buildConfigurationList = DB5DF51E2600F2690091CCA8 /* Build configuration list for PBXNativeTarget "Dynamic TIL" */;
			buildPhases = (
				DB5DF5062600F2680091CCA8 /* Sources */,
				DB5DF5072600F2680091CCA8 /* Frameworks */,
				DB5DF5082600F2680091CCA8 /* Resources */,
			);
			buildRules = (
			);
			dependencies = (
			);
			name = "Dynamic TIL";
			productName = "Dynamic TIL";
			productReference = DB5DF50A2600F2680091CCA8 /* Dynamic TIL.app */;
			productType = "com.apple.product-type.application";
		};
/* End PBXNativeTarget section */

/* Begin PBXProject section */
		DB5DF5022600F2680091CCA8 /* Project object */ = {
			isa = PBXProject;
			attributes = {
				LastSwiftUpdateCheck = 1240;
				LastUpgradeCheck = 1240;
				TargetAttributes = {
					DB5DF5092600F2680091CCA8 = {
						CreatedOnToolsVersion = 12.4;
					};
				};
			};
			buildConfigurationList = DB5DF5052600F2680091CCA8 /* Build configuration list for PBXProject "Dynamic TIL" */;
			compatibilityVersion = "Xcode 9.3";
			developmentRegion = en;
			hasScannedForEncodings = 0;
			knownRegions = (
				en,
				Base,
			);
			mainGroup = DB5DF5012600F2680091CCA8;
			productRefGroup = DB5DF50B2600F2680091CCA8 /* Products */;
			projectDirPath = "";
			projectRoot = "";
			targets = (
				DB5DF5092600F2680091CCA8 /* Dynamic TIL */,
			);
		};
/* End PBXProject section */

/* Begin PBXResourcesBuildPhase section */
		DB5DF5082600F2680091CCA8 /* Resources */ = {
			isa = PBXResourcesBuildPhase;
			buildActionMask = 2147483647;
			files = (
				DB5DF51A2600F2690091CCA8 /* LaunchScreen.storyboard in Resources */,
				DB5DF5172600F2690091CCA8 /* Assets.xcassets in Resources */,
				DB5DF5152600F2680091CCA8 /* Main.storyboard in Resources */,
			);
			runOnlyForDeploymentPostprocessing = 0;
		};
/* End PBXResourcesBuildPhase section */

/* Begin PBXSourcesBuildPhase section */
		DB5DF5062600F2680091CCA8 /* Sources */ = {
			isa = PBXSourcesBuildPhase;
			buildActionMask = 2147483647;
			files = (
				DB5DF5122600F2680091CCA8 /* ViewController.swift in Sources */,
				DB5DF50E2600F2680091CCA8 /* AppDelegate.swift in Sources */,
				DBC12E1F2605265000F1C8EA /* CricBuzzViewController.swift in Sources */,
				DB5DF5102600F2680091CCA8 /* SceneDelegate.swift in Sources */,
			);
			runOnlyForDeploymentPostprocessing = 0;
		};
/* End PBXSourcesBuildPhase section */

/* Begin PBXVariantGroup section */
		DB5DF5132600F2680091CCA8 /* Main.storyboard */ = {
			isa = PBXVariantGroup;
			children = (
				DB5DF5142600F2680091CCA8 /* Base */,
			);
			name = Main.storyboard;
			sourceTree = "<group>";
		};
		DB5DF5182600F2690091CCA8 /* LaunchScreen.storyboard */ = {
			isa = PBXVariantGroup;
			children = (
				DB5DF5192600F2690091CCA8 /* Base */,
			);
			name = LaunchScreen.storyboard;
			sourceTree = "<group>";
		};
/* End PBXVariantGroup section */

/* Begin XCBuildConfiguration section */
		DB5DF51C2600F2690091CCA8 /* Debug */ = {
			isa = XCBuildConfiguration;
			buildSettings = {
				ALWAYS_SEARCH_USER_PATHS = NO;
				CLANG_ANALYZER_NONNULL = YES;
				CLANG_ANALYZER_NUMBER_OBJECT_CONVERSION = YES_AGGRESSIVE;
				CLANG_CXX_LANGUAGE_STANDARD = "gnu++14";
				CLANG_CXX_LIBRARY = "libc++";
				CLANG_ENABLE_MODULES = YES;
				CLANG_ENABLE_OBJC_ARC = YES;
				CLANG_ENABLE_OBJC_WEAK = YES;
				CLANG_WARN_BLOCK_CAPTURE_AUTORELEASING = YES;
				CLANG_WARN_BOOL_CONVERSION = YES;
				CLANG_WARN_COMMA = YES;
				CLANG_WARN_CONSTANT_CONVERSION = YES;
				CLANG_WARN_DEPRECATED_OBJC_IMPLEMENTATIONS = YES;
				CLANG_WARN_DIRECT_OBJC_ISA_USAGE = YES_ERROR;
				CLANG_WARN_DOCUMENTATION_COMMENTS = YES;
				CLANG_WARN_EMPTY_BODY = YES;
				CLANG_WARN_ENUM_CONVERSION = YES;
				CLANG_WARN_INFINITE_RECURSION = YES;
				CLANG_WARN_INT_CONVERSION = YES;
				CLANG_WARN_NON_LITERAL_NULL_CONVERSION = YES;
				CLANG_WARN_OBJC_IMPLICIT_RETAIN_SELF = YES;
				CLANG_WARN_OBJC_LITERAL_CONVERSION = YES;
				CLANG_WARN_OBJC_ROOT_CLASS = YES_ERROR;
				CLANG_WARN_QUOTED_INCLUDE_IN_FRAMEWORK_HEADER = YES;
				CLANG_WARN_RANGE_LOOP_ANALYSIS = YES;
				CLANG_WARN_STRICT_PROTOTYPES = YES;
				CLANG_WARN_SUSPICIOUS_MOVE = YES;
				CLANG_WARN_UNGUARDED_AVAILABILITY = YES_AGGRESSIVE;
				CLANG_WARN_UNREACHABLE_CODE = YES;
				CLANG_WARN__DUPLICATE_METHOD_MATCH = YES;
				COPY_PHASE_STRIP = NO;
				DEBUG_INFORMATION_FORMAT = dwarf;
				ENABLE_STRICT_OBJC_MSGSEND = YES;
				ENABLE_TESTABILITY = YES;
				GCC_C_LANGUAGE_STANDARD = gnu11;
				GCC_DYNAMIC_NO_PIC = NO;
				GCC_NO_COMMON_BLOCKS = YES;
				GCC_OPTIMIZATION_LEVEL = 0;
				GCC_PREPROCESSOR_DEFINITIONS = (
					"DEBUG=1",
					"$(inherited)",
				);
				GCC_WARN_64_TO_32_BIT_CONVERSION = YES;
				GCC_WARN_ABOUT_RETURN_TYPE = YES_ERROR;
				GCC_WARN_UNDECLARED_SELECTOR = YES;
				GCC_WARN_UNINITIALIZED_AUTOS = YES_AGGRESSIVE;
				GCC_WARN_UNUSED_FUNCTION = YES;
				GCC_WARN_UNUSED_VARIABLE = YES;
				IPHONEOS_DEPLOYMENT_TARGET = 14.4;
				MTL_ENABLE_DEBUG_INFO = INCLUDE_SOURCE;
				MTL_FAST_MATH = YES;
				ONLY_ACTIVE_ARCH = YES;
				SDKROOT = iphoneos;
				SWIFT_ACTIVE_COMPILATION_CONDITIONS = DEBUG;
				SWIFT_OPTIMIZATION_LEVEL = "-Onone";
			};
			name = Debug;
		};
		DB5DF51D2600F2690091CCA8 /* Release */ = {
			isa = XCBuildConfiguration;
			buildSettings = {
				ALWAYS_SEARCH_USER_PATHS = NO;
				CLANG_ANALYZER_NONNULL = YES;
				CLANG_ANALYZER_NUMBER_OBJECT_CONVERSION = YES_AGGRESSIVE;
				CLANG_CXX_LANGUAGE_STANDARD = "gnu++14";
				CLANG_CXX_LIBRARY = "libc++";
				CLANG_ENABLE_MODULES = YES;
				CLANG_ENABLE_OBJC_ARC = YES;
				CLANG_ENABLE_OBJC_WEAK = YES;
				CLANG_WARN_BLOCK_CAPTURE_AUTORELEASING = YES;
				CLANG_WARN_BOOL_CONVERSION = YES;
				CLANG_WARN_COMMA = YES;
				CLANG_WARN_CONSTANT_CONVERSION = YES;
				CLANG_WARN_DEPRECATED_OBJC_IMPLEMENTATIONS = YES;
				CLANG_WARN_DIRECT_OBJC_ISA_USAGE = YES_ERROR;
				CLANG_WARN_DOCUMENTATION_COMMENTS = YES;
				CLANG_WARN_EMPTY_BODY = YES;
				CLANG_WARN_ENUM_CONVERSION = YES;
				CLANG_WARN_INFINITE_RECURSION = YES;
				CLANG_WARN_INT_CONVERSION = YES;
				CLANG_WARN_NON_LITERAL_NULL_CONVERSION = YES;
				CLANG_WARN_OBJC_IMPLICIT_RETAIN_SELF = YES;
				CLANG_WARN_OBJC_LITERAL_CONVERSION = YES;
				CLANG_WARN_OBJC_ROOT_CLASS = YES_ERROR;
				CLANG_WARN_QUOTED_INCLUDE_IN_FRAMEWORK_HEADER = YES;
				CLANG_WARN_RANGE_LOOP_ANALYSIS = YES;
				CLANG_WARN_STRICT_PROTOTYPES = YES;
				CLANG_WARN_SUSPICIOUS_MOVE = YES;
				CLANG_WARN_UNGUARDED_AVAILABILITY = YES_AGGRESSIVE;
				CLANG_WARN_UNREACHABLE_CODE = YES;
				CLANG_WARN__DUPLICATE_METHOD_MATCH = YES;
				COPY_PHASE_STRIP = NO;
				DEBUG_INFORMATION_FORMAT = "dwarf-with-dsym";
				ENABLE_NS_ASSERTIONS = NO;
				ENABLE_STRICT_OBJC_MSGSEND = YES;
				GCC_C_LANGUAGE_STANDARD = gnu11;
				GCC_NO_COMMON_BLOCKS = YES;
				GCC_WARN_64_TO_32_BIT_CONVERSION = YES;
				GCC_WARN_ABOUT_RETURN_TYPE = YES_ERROR;
				GCC_WARN_UNDECLARED_SELECTOR = YES;
				GCC_WARN_UNINITIALIZED_AUTOS = YES_AGGRESSIVE;
				GCC_WARN_UNUSED_FUNCTION = YES;
				GCC_WARN_UNUSED_VARIABLE = YES;
				IPHONEOS_DEPLOYMENT_TARGET = 14.4;
				MTL_ENABLE_DEBUG_INFO = NO;
				MTL_FAST_MATH = YES;
				SDKROOT = iphoneos;
				SWIFT_COMPILATION_MODE = wholemodule;
				SWIFT_OPTIMIZATION_LEVEL = "-O";
				VALIDATE_PRODUCT = YES;
			};
			name = Release;
		};
		DB5DF51F2600F2690091CCA8 /* Debug */ = {
			isa = XCBuildConfiguration;
			buildSettings = {
				ASSETCATALOG_COMPILER_APPICON_NAME = AppIcon;
				ASSETCATALOG_COMPILER_GLOBAL_ACCENT_COLOR_NAME = AccentColor;
				CODE_SIGN_STYLE = Automatic;
				DEVELOPMENT_TEAM = 4RY75X5YM8;
				INFOPLIST_FILE = "Dynamic TIL/Info.plist";
				LD_RUNPATH_SEARCH_PATHS = (
					"$(inherited)",
					"@executable_path/Frameworks",
				);
				PRODUCT_BUNDLE_IDENTIFIER = "co.akchan.Dynamic-TIL";
				PRODUCT_NAME = "$(TARGET_NAME)";
				SWIFT_VERSION = 5.0;
				TARGETED_DEVICE_FAMILY = "1,2";
			};
			name = Debug;
		};
		DB5DF5202600F2690091CCA8 /* Release */ = {
			isa = XCBuildConfiguration;
			buildSettings = {
				ASSETCATALOG_COMPILER_APPICON_NAME = AppIcon;
				ASSETCATALOG_COMPILER_GLOBAL_ACCENT_COLOR_NAME = AccentColor;
				CODE_SIGN_STYLE = Automatic;
				DEVELOPMENT_TEAM = 4RY75X5YM8;
				INFOPLIST_FILE = "Dynamic TIL/Info.plist";
				LD_RUNPATH_SEARCH_PATHS = (
					"$(inherited)",
					"@executable_path/Frameworks",
				);
				PRODUCT_BUNDLE_IDENTIFIER = "co.akchan.Dynamic-TIL";
				PRODUCT_NAME = "$(TARGET_NAME)";
				SWIFT_VERSION = 5.0;
				TARGETED_DEVICE_FAMILY = "1,2";
			};
			name = Release;
		};
/* End XCBuildConfiguration section */

/* Begin XCConfigurationList section */
		DB5DF5052600F2680091CCA8 /* Build configuration list for PBXProject "Dynamic TIL" */ = {
			isa = XCConfigurationList;
			buildConfigurations = (
				DB5DF51C2600F2690091CCA8 /* Debug */,
				DB5DF51D2600F2690091CCA8 /* Release */,
			);
			defaultConfigurationIsVisible = 0;
			defaultConfigurationName = Release;
		};
		DB5DF51E2600F2690091CCA8 /* Build configuration list for PBXNativeTarget "Dynamic TIL" */ = {
			isa = XCConfigurationList;
			buildConfigurations = (
				DB5DF51F2600F2690091CCA8 /* Debug */,
				DB5DF5202600F2690091CCA8 /* Release */,
			);
			defaultConfigurationIsVisible = 0;
			defaultConfigurationName = Release;
		};
/* End XCConfigurationList section */
	};
	rootObject = DB5DF5022600F2680091CCA8 /* Project object */;
}
